// !$*UTF8*$!
{
	archiveVersion = 1;
	classes = {
	};
	objectVersion = 56;
	objects = {

/* Begin PBXBuildFile section */
		54A7158D2A56B3660017A5B1 /* DollarAlertApp.swift in Sources */ = {isa = PBXBuildFile; fileRef = 54A7158C2A56B3660017A5B1 /* DollarAlertApp.swift */; };
		54A7158F2A56B3660017A5B1 /* ContentView.swift in Sources */ = {isa = PBXBuildFile; fileRef = 54A7158E2A56B3660017A5B1 /* ContentView.swift */; };
		54A715912A56B3670017A5B1 /* Assets.xcassets in Resources */ = {isa = PBXBuildFile; fileRef = 54A715902A56B3670017A5B1 /* Assets.xcassets */; };
		54A715942A56B3670017A5B1 /* Preview Assets.xcassets in Resources */ = {isa = PBXBuildFile; fileRef = 54A715932A56B3670017A5B1 /* Preview Assets.xcassets */; };
		54A7159E2A56B3670017A5B1 /* DollarAlertTests.swift in Sources */ = {isa = PBXBuildFile; fileRef = 54A7159D2A56B3670017A5B1 /* DollarAlertTests.swift */; };
		54A715A82A56B3670017A5B1 /* DollarAlertUITests.swift in Sources */ = {isa = PBXBuildFile; fileRef = 54A715A72A56B3670017A5B1 /* DollarAlertUITests.swift */; };
		54A715AA2A56B3670017A5B1 /* DollarAlertUITestsLaunchTests.swift in Sources */ = {isa = PBXBuildFile; fileRef = 54A715A92A56B3670017A5B1 /* DollarAlertUITestsLaunchTests.swift */; };
		54A715BE2A56BD870017A5B1 /* CurrencyView.swift in Sources */ = {isa = PBXBuildFile; fileRef = 54A715BD2A56BD870017A5B1 /* CurrencyView.swift */; };
/* End PBXBuildFile section */

/* Begin PBXContainerItemProxy section */
		54A7159A2A56B3670017A5B1 /* PBXContainerItemProxy */ = {
			isa = PBXContainerItemProxy;
			containerPortal = 54A715812A56B3660017A5B1 /* Project object */;
			proxyType = 1;
			remoteGlobalIDString = 54A715882A56B3660017A5B1;
			remoteInfo = DollarAlert;
		};
		54A715A42A56B3670017A5B1 /* PBXContainerItemProxy */ = {
			isa = PBXContainerItemProxy;
			containerPortal = 54A715812A56B3660017A5B1 /* Project object */;
			proxyType = 1;
			remoteGlobalIDString = 54A715882A56B3660017A5B1;
			remoteInfo = DollarAlert;
		};
/* End PBXContainerItemProxy section */

/* Begin PBXFileReference section */
		54A715892A56B3660017A5B1 /* DollarAlert.app */ = {isa = PBXFileReference; explicitFileType = wrapper.application; includeInIndex = 0; path = DollarAlert.app; sourceTree = BUILT_PRODUCTS_DIR; };
		54A7158C2A56B3660017A5B1 /* DollarAlertApp.swift */ = {isa = PBXFileReference; lastKnownFileType = sourcecode.swift; path = DollarAlertApp.swift; sourceTree = "<group>"; };
		54A7158E2A56B3660017A5B1 /* ContentView.swift */ = {isa = PBXFileReference; lastKnownFileType = sourcecode.swift; path = ContentView.swift; sourceTree = "<group>"; };
		54A715902A56B3670017A5B1 /* Assets.xcassets */ = {isa = PBXFileReference; lastKnownFileType = folder.assetcatalog; path = Assets.xcassets; sourceTree = "<group>"; };
		54A715932A56B3670017A5B1 /* Preview Assets.xcassets */ = {isa = PBXFileReference; lastKnownFileType = folder.assetcatalog; path = "Preview Assets.xcassets"; sourceTree = "<group>"; };
		54A715992A56B3670017A5B1 /* DollarAlertTests.xctest */ = {isa = PBXFileReference; explicitFileType = wrapper.cfbundle; includeInIndex = 0; path = DollarAlertTests.xctest; sourceTree = BUILT_PRODUCTS_DIR; };
		54A7159D2A56B3670017A5B1 /* DollarAlertTests.swift */ = {isa = PBXFileReference; lastKnownFileType = sourcecode.swift; path = DollarAlertTests.swift; sourceTree = "<group>"; };
		54A715A32A56B3670017A5B1 /* DollarAlertUITests.xctest */ = {isa = PBXFileReference; explicitFileType = wrapper.cfbundle; includeInIndex = 0; path = DollarAlertUITests.xctest; sourceTree = BUILT_PRODUCTS_DIR; };
		54A715A72A56B3670017A5B1 /* DollarAlertUITests.swift */ = {isa = PBXFileReference; lastKnownFileType = sourcecode.swift; path = DollarAlertUITests.swift; sourceTree = "<group>"; };
		54A715A92A56B3670017A5B1 /* DollarAlertUITestsLaunchTests.swift */ = {isa = PBXFileReference; lastKnownFileType = sourcecode.swift; path = DollarAlertUITestsLaunchTests.swift; sourceTree = "<group>"; };
		54A715BD2A56BD870017A5B1 /* CurrencyView.swift */ = {isa = PBXFileReference; lastKnownFileType = sourcecode.swift; path = CurrencyView.swift; sourceTree = "<group>"; };
/* End PBXFileReference section */

/* Begin PBXFrameworksBuildPhase section */
		54A715862A56B3660017A5B1 /* Frameworks */ = {
			isa = PBXFrameworksBuildPhase;
			buildActionMask = 2147483647;
			files = (
			);
			runOnlyForDeploymentPostprocessing = 0;
		};
		54A715962A56B3670017A5B1 /* Frameworks */ = {
			isa = PBXFrameworksBuildPhase;
			buildActionMask = 2147483647;
			files = (
			);
			runOnlyForDeploymentPostprocessing = 0;
		};
		54A715A02A56B3670017A5B1 /* Frameworks */ = {
			isa = PBXFrameworksBuildPhase;
			buildActionMask = 2147483647;
			files = (
			);
			runOnlyForDeploymentPostprocessing = 0;
		};
/* End PBXFrameworksBuildPhase section */

/* Begin PBXGroup section */
		54A715802A56B3660017A5B1 = {
			isa = PBXGroup;
			children = (
				54A7158B2A56B3660017A5B1 /* DollarAlert */,
				54A7159C2A56B3670017A5B1 /* DollarAlertTests */,
				54A715A62A56B3670017A5B1 /* DollarAlertUITests */,
				54A7158A2A56B3660017A5B1 /* Products */,
			);
			sourceTree = "<group>";
		};
		54A7158A2A56B3660017A5B1 /* Products */ = {
			isa = PBXGroup;
			children = (
				54A715892A56B3660017A5B1 /* DollarAlert.app */,
				54A715992A56B3670017A5B1 /* DollarAlertTests.xctest */,
				54A715A32A56B3670017A5B1 /* DollarAlertUITests.xctest */,
			);
			name = Products;
			sourceTree = "<group>";
		};
		54A7158B2A56B3660017A5B1 /* DollarAlert */ = {
			isa = PBXGroup;
			children = (
				54A715BC2A56B54B0017A5B1 /* Config */,
				54A715BB2A56B53D0017A5B1 /* Resources */,
				54A715BA2A56B5310017A5B1 /* Helpers */,
				54A715B92A56B5270017A5B1 /* Services */,
				54A715B82A56B5190017A5B1 /* Controllers */,
				54A715B72A56B50E0017A5B1 /* Views */,
				54A715B62A56B4F10017A5B1 /* Models */,
				54A7158C2A56B3660017A5B1 /* DollarAlertApp.swift */,
				54A715902A56B3670017A5B1 /* Assets.xcassets */,
				54A715922A56B3670017A5B1 /* Preview Content */,
			);
			path = DollarAlert;
			sourceTree = "<group>";
		};
		54A715922A56B3670017A5B1 /* Preview Content */ = {
			isa = PBXGroup;
			children = (
				54A715932A56B3670017A5B1 /* Preview Assets.xcassets */,
			);
			path = "Preview Content";
			sourceTree = "<group>";
		};
		54A7159C2A56B3670017A5B1 /* DollarAlertTests */ = {
			isa = PBXGroup;
			children = (
				54A7159D2A56B3670017A5B1 /* DollarAlertTests.swift */,
			);
			path = DollarAlertTests;
			sourceTree = "<group>";
		};
		54A715A62A56B3670017A5B1 /* DollarAlertUITests */ = {
			isa = PBXGroup;
			children = (
				54A715A72A56B3670017A5B1 /* DollarAlertUITests.swift */,
				54A715A92A56B3670017A5B1 /* DollarAlertUITestsLaunchTests.swift */,
			);
			path = DollarAlertUITests;
			sourceTree = "<group>";
		};
		54A715B62A56B4F10017A5B1 /* Models */ = {
			isa = PBXGroup;
			children = (
			);
			path = Models;
			sourceTree = "<group>";
		};
		54A715B72A56B50E0017A5B1 /* Views */ = {
			isa = PBXGroup;
			children = (
				54A7158E2A56B3660017A5B1 /* ContentView.swift */,
				54A715BD2A56BD870017A5B1 /* CurrencyView.swift */,
			);
			path = Views;
			sourceTree = "<group>";
		};
		54A715B82A56B5190017A5B1 /* Controllers */ = {
			isa = PBXGroup;
			children = (
			);
			path = Controllers;
			sourceTree = "<group>";
		};
		54A715B92A56B5270017A5B1 /* Services */ = {
			isa = PBXGroup;
			children = (
			);
			path = Services;
			sourceTree = "<group>";
		};
		54A715BA2A56B5310017A5B1 /* Helpers */ = {
			isa = PBXGroup;
			children = (
			);
			path = Helpers;
			sourceTree = "<group>";
		};
		54A715BB2A56B53D0017A5B1 /* Resources */ = {
			isa = PBXGroup;
			children = (
			);
			path = Resources;
			sourceTree = "<group>";
		};
		54A715BC2A56B54B0017A5B1 /* Config */ = {
			isa = PBXGroup;
			children = (
			);
			path = Config;
			sourceTree = "<group>";
		};
/* End PBXGroup section */

/* Begin PBXNativeTarget section */
		54A715882A56B3660017A5B1 /* DollarAlert */ = {
			isa = PBXNativeTarget;
			buildConfigurationList = 54A715AD2A56B3670017A5B1 /* Build configuration list for PBXNativeTarget "DollarAlert" */;
			buildPhases = (
				54A715852A56B3660017A5B1 /* Sources */,
				54A715862A56B3660017A5B1 /* Frameworks */,
				54A715872A56B3660017A5B1 /* Resources */,
			);
			buildRules = (
			);
			dependencies = (
			);
			name = DollarAlert;
			productName = DollarAlert;
			productReference = 54A715892A56B3660017A5B1 /* DollarAlert.app */;
			productType = "com.apple.product-type.application";
		};
		54A715982A56B3670017A5B1 /* DollarAlertTests */ = {
			isa = PBXNativeTarget;
			buildConfigurationList = 54A715B02A56B3670017A5B1 /* Build configuration list for PBXNativeTarget "DollarAlertTests" */;
			buildPhases = (
				54A715952A56B3670017A5B1 /* Sources */,
				54A715962A56B3670017A5B1 /* Frameworks */,
				54A715972A56B3670017A5B1 /* Resources */,
			);
			buildRules = (
			);
			dependencies = (
				54A7159B2A56B3670017A5B1 /* PBXTargetDependency */,
			);
			name = DollarAlertTests;
			productName = DollarAlertTests;
			productReference = 54A715992A56B3670017A5B1 /* DollarAlertTests.xctest */;
			productType = "com.apple.product-type.bundle.unit-test";
		};
		54A715A22A56B3670017A5B1 /* DollarAlertUITests */ = {
			isa = PBXNativeTarget;
			buildConfigurationList = 54A715B32A56B3670017A5B1 /* Build configuration list for PBXNativeTarget "DollarAlertUITests" */;
			buildPhases = (
				54A7159F2A56B3670017A5B1 /* Sources */,
				54A715A02A56B3670017A5B1 /* Frameworks */,
				54A715A12A56B3670017A5B1 /* Resources */,
			);
			buildRules = (
			);
			dependencies = (
				54A715A52A56B3670017A5B1 /* PBXTargetDependency */,
			);
			name = DollarAlertUITests;
			productName = DollarAlertUITests;
			productReference = 54A715A32A56B3670017A5B1 /* DollarAlertUITests.xctest */;
			productType = "com.apple.product-type.bundle.ui-testing";
		};
/* End PBXNativeTarget section */

/* Begin PBXProject section */
		54A715812A56B3660017A5B1 /* Project object */ = {
			isa = PBXProject;
			attributes = {
				BuildIndependentTargetsInParallel = 1;
				LastSwiftUpdateCheck = 1430;
				LastUpgradeCheck = 1430;
				TargetAttributes = {
					54A715882A56B3660017A5B1 = {
						CreatedOnToolsVersion = 14.3.1;
					};
					54A715982A56B3670017A5B1 = {
						CreatedOnToolsVersion = 14.3.1;
						TestTargetID = 54A715882A56B3660017A5B1;
					};
					54A715A22A56B3670017A5B1 = {
						CreatedOnToolsVersion = 14.3.1;
						TestTargetID = 54A715882A56B3660017A5B1;
					};
				};
			};
			buildConfigurationList = 54A715842A56B3660017A5B1 /* Build configuration list for PBXProject "DollarAlert" */;
			compatibilityVersion = "Xcode 14.0";
			developmentRegion = en;
			hasScannedForEncodings = 0;
			knownRegions = (
				en,
				Base,
			);
			mainGroup = 54A715802A56B3660017A5B1;
			productRefGroup = 54A7158A2A56B3660017A5B1 /* Products */;
			projectDirPath = "";
			projectRoot = "";
			targets = (
				54A715882A56B3660017A5B1 /* DollarAlert */,
				54A715982A56B3670017A5B1 /* DollarAlertTests */,
				54A715A22A56B3670017A5B1 /* DollarAlertUITests */,
			);
		};
/* End PBXProject section */

/* Begin PBXResourcesBuildPhase section */
		54A715872A56B3660017A5B1 /* Resources */ = {
			isa = PBXResourcesBuildPhase;
			buildActionMask = 2147483647;
			files = (
				54A715942A56B3670017A5B1 /* Preview Assets.xcassets in Resources */,
				54A715912A56B3670017A5B1 /* Assets.xcassets in Resources */,
			);
			runOnlyForDeploymentPostprocessing = 0;
		};
		54A715972A56B3670017A5B1 /* Resources */ = {
			isa = PBXResourcesBuildPhase;
			buildActionMask = 2147483647;
			files = (
			);
			runOnlyForDeploymentPostprocessing = 0;
		};
		54A715A12A56B3670017A5B1 /* Resources */ = {
			isa = PBXResourcesBuildPhase;
			buildActionMask = 2147483647;
			files = (
			);
			runOnlyForDeploymentPostprocessing = 0;
		};
/* End PBXResourcesBuildPhase section */

/* Begin PBXSourcesBuildPhase section */
		54A715852A56B3660017A5B1 /* Sources */ = {
			isa = PBXSourcesBuildPhase;
			buildActionMask = 2147483647;
			files = (
				54A7158F2A56B3660017A5B1 /* ContentView.swift in Sources */,
				54A7158D2A56B3660017A5B1 /* DollarAlertApp.swift in Sources */,
				54A715BE2A56BD870017A5B1 /* CurrencyView.swift in Sources */,
			);
			runOnlyForDeploymentPostprocessing = 0;
		};
		54A715952A56B3670017A5B1 /* Sources */ = {
			isa = PBXSourcesBuildPhase;
			buildActionMask = 2147483647;
			files = (
				54A7159E2A56B3670017A5B1 /* DollarAlertTests.swift in Sources */,
			);
			runOnlyForDeploymentPostprocessing = 0;
		};
		54A7159F2A56B3670017A5B1 /* Sources */ = {
			isa = PBXSourcesBuildPhase;
			buildActionMask = 2147483647;
			files = (
				54A715A82A56B3670017A5B1 /* DollarAlertUITests.swift in Sources */,
				54A715AA2A56B3670017A5B1 /* DollarAlertUITestsLaunchTests.swift in Sources */,
			);
			runOnlyForDeploymentPostprocessing = 0;
		};
/* End PBXSourcesBuildPhase section */

/* Begin PBXTargetDependency section */
		54A7159B2A56B3670017A5B1 /* PBXTargetDependency */ = {
			isa = PBXTargetDependency;
			target = 54A715882A56B3660017A5B1 /* DollarAlert */;
			targetProxy = 54A7159A2A56B3670017A5B1 /* PBXContainerItemProxy */;
		};
		54A715A52A56B3670017A5B1 /* PBXTargetDependency */ = {
			isa = PBXTargetDependency;
			target = 54A715882A56B3660017A5B1 /* DollarAlert */;
			targetProxy = 54A715A42A56B3670017A5B1 /* PBXContainerItemProxy */;
		};
/* End PBXTargetDependency section */

/* Begin XCBuildConfiguration section */
		54A715AB2A56B3670017A5B1 /* Debug */ = {
			isa = XCBuildConfiguration;
			buildSettings = {
				ALWAYS_SEARCH_USER_PATHS = NO;
				CLANG_ANALYZER_NONNULL = YES;
				CLANG_ANALYZER_NUMBER_OBJECT_CONVERSION = YES_AGGRESSIVE;
				CLANG_CXX_LANGUAGE_STANDARD = "gnu++20";
				CLANG_ENABLE_MODULES = YES;
				CLANG_ENABLE_OBJC_ARC = YES;
				CLANG_ENABLE_OBJC_WEAK = YES;
				CLANG_WARN_BLOCK_CAPTURE_AUTORELEASING = YES;
				CLANG_WARN_BOOL_CONVERSION = YES;
				CLANG_WARN_COMMA = YES;
				CLANG_WARN_CONSTANT_CONVERSION = YES;
				CLANG_WARN_DEPRECATED_OBJC_IMPLEMENTATIONS = YES;
				CLANG_WARN_DIRECT_OBJC_ISA_USAGE = YES_ERROR;
				CLANG_WARN_DOCUMENTATION_COMMENTS = YES;
				CLANG_WARN_EMPTY_BODY = YES;
				CLANG_WARN_ENUM_CONVERSION = YES;
				CLANG_WARN_INFINITE_RECURSION = YES;
				CLANG_WARN_INT_CONVERSION = YES;
				CLANG_WARN_NON_LITERAL_NULL_CONVERSION = YES;
				CLANG_WARN_OBJC_IMPLICIT_RETAIN_SELF = YES;
				CLANG_WARN_OBJC_LITERAL_CONVERSION = YES;
				CLANG_WARN_OBJC_ROOT_CLASS = YES_ERROR;
				CLANG_WARN_QUOTED_INCLUDE_IN_FRAMEWORK_HEADER = YES;
				CLANG_WARN_RANGE_LOOP_ANALYSIS = YES;
				CLANG_WARN_STRICT_PROTOTYPES = YES;
				CLANG_WARN_SUSPICIOUS_MOVE = YES;
				CLANG_WARN_UNGUARDED_AVAILABILITY = YES_AGGRESSIVE;
				CLANG_WARN_UNREACHABLE_CODE = YES;
				CLANG_WARN__DUPLICATE_METHOD_MATCH = YES;
				COPY_PHASE_STRIP = NO;
				DEBUG_INFORMATION_FORMAT = dwarf;
				ENABLE_STRICT_OBJC_MSGSEND = YES;
				ENABLE_TESTABILITY = YES;
				GCC_C_LANGUAGE_STANDARD = gnu11;
				GCC_DYNAMIC_NO_PIC = NO;
				GCC_NO_COMMON_BLOCKS = YES;
				GCC_OPTIMIZATION_LEVEL = 0;
				GCC_PREPROCESSOR_DEFINITIONS = (
					"DEBUG=1",
					"$(inherited)",
				);
				GCC_WARN_64_TO_32_BIT_CONVERSION = YES;
				GCC_WARN_ABOUT_RETURN_TYPE = YES_ERROR;
				GCC_WARN_UNDECLARED_SELECTOR = YES;
				GCC_WARN_UNINITIALIZED_AUTOS = YES_AGGRESSIVE;
				GCC_WARN_UNUSED_FUNCTION = YES;
				GCC_WARN_UNUSED_VARIABLE = YES;
				IPHONEOS_DEPLOYMENT_TARGET = 16.4;
				MTL_ENABLE_DEBUG_INFO = INCLUDE_SOURCE;
				MTL_FAST_MATH = YES;
				ONLY_ACTIVE_ARCH = YES;
				SDKROOT = iphoneos;
				SWIFT_ACTIVE_COMPILATION_CONDITIONS = DEBUG;
				SWIFT_OPTIMIZATION_LEVEL = "-Onone";
			};
			name = Debug;
		};
		54A715AC2A56B3670017A5B1 /* Release */ = {
			isa = XCBuildConfiguration;
			buildSettings = {
				ALWAYS_SEARCH_USER_PATHS = NO;
				CLANG_ANALYZER_NONNULL = YES;
				CLANG_ANALYZER_NUMBER_OBJECT_CONVERSION = YES_AGGRESSIVE;
				CLANG_CXX_LANGUAGE_STANDARD = "gnu++20";
				CLANG_ENABLE_MODULES = YES;
				CLANG_ENABLE_OBJC_ARC = YES;
				CLANG_ENABLE_OBJC_WEAK = YES;
				CLANG_WARN_BLOCK_CAPTURE_AUTORELEASING = YES;
				CLANG_WARN_BOOL_CONVERSION = YES;
				CLANG_WARN_COMMA = YES;
				CLANG_WARN_CONSTANT_CONVERSION = YES;
				CLANG_WARN_DEPRECATED_OBJC_IMPLEMENTATIONS = YES;
				CLANG_WARN_DIRECT_OBJC_ISA_USAGE = YES_ERROR;
				CLANG_WARN_DOCUMENTATION_COMMENTS = YES;
				CLANG_WARN_EMPTY_BODY = YES;
				CLANG_WARN_ENUM_CONVERSION = YES;
				CLANG_WARN_INFINITE_RECURSION = YES;
				CLANG_WARN_INT_CONVERSION = YES;
				CLANG_WARN_NON_LITERAL_NULL_CONVERSION = YES;
				CLANG_WARN_OBJC_IMPLICIT_RETAIN_SELF = YES;
				CLANG_WARN_OBJC_LITERAL_CONVERSION = YES;
				CLANG_WARN_OBJC_ROOT_CLASS = YES_ERROR;
				CLANG_WARN_QUOTED_INCLUDE_IN_FRAMEWORK_HEADER = YES;
				CLANG_WARN_RANGE_LOOP_ANALYSIS = YES;
				CLANG_WARN_STRICT_PROTOTYPES = YES;
				CLANG_WARN_SUSPICIOUS_MOVE = YES;
				CLANG_WARN_UNGUARDED_AVAILABILITY = YES_AGGRESSIVE;
				CLANG_WARN_UNREACHABLE_CODE = YES;
				CLANG_WARN__DUPLICATE_METHOD_MATCH = YES;
				COPY_PHASE_STRIP = NO;
				DEBUG_INFORMATION_FORMAT = "dwarf-with-dsym";
				ENABLE_NS_ASSERTIONS = NO;
				ENABLE_STRICT_OBJC_MSGSEND = YES;
				GCC_C_LANGUAGE_STANDARD = gnu11;
				GCC_NO_COMMON_BLOCKS = YES;
				GCC_WARN_64_TO_32_BIT_CONVERSION = YES;
				GCC_WARN_ABOUT_RETURN_TYPE = YES_ERROR;
				GCC_WARN_UNDECLARED_SELECTOR = YES;
				GCC_WARN_UNINITIALIZED_AUTOS = YES_AGGRESSIVE;
				GCC_WARN_UNUSED_FUNCTION = YES;
				GCC_WARN_UNUSED_VARIABLE = YES;
				IPHONEOS_DEPLOYMENT_TARGET = 16.4;
				MTL_ENABLE_DEBUG_INFO = NO;
				MTL_FAST_MATH = YES;
				SDKROOT = iphoneos;
				SWIFT_COMPILATION_MODE = wholemodule;
				SWIFT_OPTIMIZATION_LEVEL = "-O";
				VALIDATE_PRODUCT = YES;
			};
			name = Release;
		};
		54A715AE2A56B3670017A5B1 /* Debug */ = {
			isa = XCBuildConfiguration;
			buildSettings = {
				ASSETCATALOG_COMPILER_APPICON_NAME = AppIcon;
				ASSETCATALOG_COMPILER_GLOBAL_ACCENT_COLOR_NAME = AccentColor;
				CODE_SIGN_STYLE = Automatic;
				CURRENT_PROJECT_VERSION = 1;
				DEVELOPMENT_ASSET_PATHS = "\"DollarAlert/Preview Content\"";
				ENABLE_PREVIEWS = YES;
				GENERATE_INFOPLIST_FILE = YES;
				INFOPLIST_KEY_UIApplicationSceneManifest_Generation = YES;
				INFOPLIST_KEY_UIApplicationSupportsIndirectInputEvents = YES;
				INFOPLIST_KEY_UILaunchScreen_Generation = YES;
				INFOPLIST_KEY_UISupportedInterfaceOrientations_iPad = "UIInterfaceOrientationPortrait UIInterfaceOrientationPortraitUpsideDown UIInterfaceOrientationLandscapeLeft UIInterfaceOrientationLandscapeRight";
				INFOPLIST_KEY_UISupportedInterfaceOrientations_iPhone = "UIInterfaceOrientationPortrait UIInterfaceOrientationLandscapeLeft UIInterfaceOrientationLandscapeRight";
				LD_RUNPATH_SEARCH_PATHS = (
					"$(inherited)",
					"@executable_path/Frameworks",
				);
				MARKETING_VERSION = 1.0;
				PRODUCT_BUNDLE_IDENTIFIER = com.coh.DollarAlert;
				PRODUCT_NAME = "$(TARGET_NAME)";
				SWIFT_EMIT_LOC_STRINGS = YES;
				SWIFT_VERSION = 5.0;
				TARGETED_DEVICE_FAMILY = "1,2";
			};
			name = Debug;
		};
		54A715AF2A56B3670017A5B1 /* Release */ = {
			isa = XCBuildConfiguration;
			buildSettings = {
				ASSETCATALOG_COMPILER_APPICON_NAME = AppIcon;
				ASSETCATALOG_COMPILER_GLOBAL_ACCENT_COLOR_NAME = AccentColor;
				CODE_SIGN_STYLE = Automatic;
				CURRENT_PROJECT_VERSION = 1;
				DEVELOPMENT_ASSET_PATHS = "\"DollarAlert/Preview Content\"";
				ENABLE_PREVIEWS = YES;
				GENERATE_INFOPLIST_FILE = YES;
				INFOPLIST_KEY_UIApplicationSceneManifest_Generation = YES;
				INFOPLIST_KEY_UIApplicationSupportsIndirectInputEvents = YES;
				INFOPLIST_KEY_UILaunchScreen_Generation = YES;
				INFOPLIST_KEY_UISupportedInterfaceOrientations_iPad = "UIInterfaceOrientationPortrait UIInterfaceOrientationPortraitUpsideDown UIInterfaceOrientationLandscapeLeft UIInterfaceOrientationLandscapeRight";
				INFOPLIST_KEY_UISupportedInterfaceOrientations_iPhone = "UIInterfaceOrientationPortrait UIInterfaceOrientationLandscapeLeft UIInterfaceOrientationLandscapeRight";
				LD_RUNPATH_SEARCH_PATHS = (
					"$(inherited)",
					"@executable_path/Frameworks",
				);
				MARKETING_VERSION = 1.0;
				PRODUCT_BUNDLE_IDENTIFIER = com.coh.DollarAlert;
				PRODUCT_NAME = "$(TARGET_NAME)";
				SWIFT_EMIT_LOC_STRINGS = YES;
				SWIFT_VERSION = 5.0;
				TARGETED_DEVICE_FAMILY = "1,2";
			};
			name = Release;
		};
		54A715B12A56B3670017A5B1 /* Debug */ = {
			isa = XCBuildConfiguration;
			buildSettings = {
				ALWAYS_EMBED_SWIFT_STANDARD_LIBRARIES = YES;
				BUNDLE_LOADER = "$(TEST_HOST)";
				CODE_SIGN_STYLE = Automatic;
				CURRENT_PROJECT_VERSION = 1;
				GENERATE_INFOPLIST_FILE = YES;
				IPHONEOS_DEPLOYMENT_TARGET = 16.4;
				MARKETING_VERSION = 1.0;
				PRODUCT_BUNDLE_IDENTIFIER = com.coh.DollarAlertTests;
				PRODUCT_NAME = "$(TARGET_NAME)";
				SWIFT_EMIT_LOC_STRINGS = NO;
				SWIFT_VERSION = 5.0;
				TARGETED_DEVICE_FAMILY = "1,2";
				TEST_HOST = "$(BUILT_PRODUCTS_DIR)/DollarAlert.app/$(BUNDLE_EXECUTABLE_FOLDER_PATH)/DollarAlert";
			};
			name = Debug;
		};
		54A715B22A56B3670017A5B1 /* Release */ = {
			isa = XCBuildConfiguration;
			buildSettings = {
				ALWAYS_EMBED_SWIFT_STANDARD_LIBRARIES = YES;
				BUNDLE_LOADER = "$(TEST_HOST)";
				CODE_SIGN_STYLE = Automatic;
				CURRENT_PROJECT_VERSION = 1;
				GENERATE_INFOPLIST_FILE = YES;
				IPHONEOS_DEPLOYMENT_TARGET = 16.4;
				MARKETING_VERSION = 1.0;
				PRODUCT_BUNDLE_IDENTIFIER = com.coh.DollarAlertTests;
				PRODUCT_NAME = "$(TARGET_NAME)";
				SWIFT_EMIT_LOC_STRINGS = NO;
				SWIFT_VERSION = 5.0;
				TARGETED_DEVICE_FAMILY = "1,2";
				TEST_HOST = "$(BUILT_PRODUCTS_DIR)/DollarAlert.app/$(BUNDLE_EXECUTABLE_FOLDER_PATH)/DollarAlert";
			};
			name = Release;
		};
		54A715B42A56B3670017A5B1 /* Debug */ = {
			isa = XCBuildConfiguration;
			buildSettings = {
				ALWAYS_EMBED_SWIFT_STANDARD_LIBRARIES = YES;
				CODE_SIGN_STYLE = Automatic;
				CURRENT_PROJECT_VERSION = 1;
				GENERATE_INFOPLIST_FILE = YES;
				MARKETING_VERSION = 1.0;
				PRODUCT_BUNDLE_IDENTIFIER = com.coh.DollarAlertUITests;
				PRODUCT_NAME = "$(TARGET_NAME)";
				SWIFT_EMIT_LOC_STRINGS = NO;
				SWIFT_VERSION = 5.0;
				TARGETED_DEVICE_FAMILY = "1,2";
				TEST_TARGET_NAME = DollarAlert;
			};
			name = Debug;
		};
		54A715B52A56B3670017A5B1 /* Release */ = {
			isa = XCBuildConfiguration;
			buildSettings = {
				ALWAYS_EMBED_SWIFT_STANDARD_LIBRARIES = YES;
				CODE_SIGN_STYLE = Automatic;
				CURRENT_PROJECT_VERSION = 1;
				GENERATE_INFOPLIST_FILE = YES;
				MARKETING_VERSION = 1.0;
				PRODUCT_BUNDLE_IDENTIFIER = com.coh.DollarAlertUITests;
				PRODUCT_NAME = "$(TARGET_NAME)";
				SWIFT_EMIT_LOC_STRINGS = NO;
				SWIFT_VERSION = 5.0;
				TARGETED_DEVICE_FAMILY = "1,2";
				TEST_TARGET_NAME = DollarAlert;
			};
			name = Release;
		};
/* End XCBuildConfiguration section */

/* Begin XCConfigurationList section */
		54A715842A56B3660017A5B1 /* Build configuration list for PBXProject "DollarAlert" */ = {
			isa = XCConfigurationList;
			buildConfigurations = (
				54A715AB2A56B3670017A5B1 /* Debug */,
				54A715AC2A56B3670017A5B1 /* Release */,
			);
			defaultConfigurationIsVisible = 0;
			defaultConfigurationName = Release;
		};
		54A715AD2A56B3670017A5B1 /* Build configuration list for PBXNativeTarget "DollarAlert" */ = {
			isa = XCConfigurationList;
			buildConfigurations = (
				54A715AE2A56B3670017A5B1 /* Debug */,
				54A715AF2A56B3670017A5B1 /* Release */,
			);
			defaultConfigurationIsVisible = 0;
			defaultConfigurationName = Release;
		};
		54A715B02A56B3670017A5B1 /* Build configuration list for PBXNativeTarget "DollarAlertTests" */ = {
			isa = XCConfigurationList;
			buildConfigurations = (
				54A715B12A56B3670017A5B1 /* Debug */,
				54A715B22A56B3670017A5B1 /* Release */,
			);
			defaultConfigurationIsVisible = 0;
			defaultConfigurationName = Release;
		};
		54A715B32A56B3670017A5B1 /* Build configuration list for PBXNativeTarget "DollarAlertUITests" */ = {
			isa = XCConfigurationList;
			buildConfigurations = (
				54A715B42A56B3670017A5B1 /* Debug */,
				54A715B52A56B3670017A5B1 /* Release */,
			);
			defaultConfigurationIsVisible = 0;
			defaultConfigurationName = Release;
		};
/* End XCConfigurationList section */
	};
	rootObject = 54A715812A56B3660017A5B1 /* Project object */;
}
